
Microsoft Visual Studio Solution File, Format Version 12.00
# Visual Studio 15
VisualStudioVersion = 15.0.27703.2035
MinimumVisualStudioVersion = 10.0.40219.1
Project("{9A19103F-16F7-4668-BE54-9A1E7A4F7556}") = "Metotlar", "Metotlar\Metotlar.csproj", "{747F8FF2-F989-4008-9D5A-20F6C620A955}"
EndProject
Project("{9A19103F-16F7-4668-BE54-9A1E7A4F7556}") = "Matematik", "Matematik\Matematik.csproj", "{85A0EEC2-AB12-4082-ABE5-250A4AECAB1B}"
EndProject
Project("{9A19103F-16F7-4668-BE54-9A1E7A4F7556}") = "DegerVeReferansTipler", "DegerVeReferansTipler\DegerVeReferansTipler.csproj", "{0021E0BC-1DFF-4DC3-9F50-EF21D8FB7F2A}"
EndProject
Project("{9A19103F-16F7-4668-BE54-9A1E7A4F7556}") = "OOP1", "OOP1\OOP1.csproj", "{33E45466-BCC4-45D5-8DEC-EA968B00FA5A}"
EndProject
Project("{9A19103F-16F7-4668-BE54-9A1E7A4F7556}") = "Koleksiyonlar", "Koleksiyonlar\Koleksiyonlar.csproj", "{BED83A83-29C9-4DAC-B8D1-59CD18BAD07D}"
EndProject
Project("{9A19103F-16F7-4668-BE54-9A1E7A4F7556}") = "GenericsIntro", "GenericsIntro\GenericsIntro.csproj", "{178AE55E-1CC8-4837-A67B-CDD950D46915}"
EndProject
Project("{9A19103F-16F7-4668-BE54-9A1E7A4F7556}") = "ClassMetotDemo", "ClassMetotDemo\ClassMetotDemo.csproj", "{D12DE278-E50F-4108-9BC0-ABF52003853D}"
EndProject
Project("{9A19103F-16F7-4668-BE54-9A1E7A4F7556}") = "OOP2", "OOP2\OOP2.csproj", "{F3B794B8-3134-43AB-ACE9-7DF5D4292236}"
EndProject
Project("{9A19103F-16F7-4668-BE54-9A1E7A4F7556}") = "HW", "HW\HW.csproj", "{8520883D-25FA-4276-A2DA-ECFA6E2ED8EC}"
EndProject
Project("{9A19103F-16F7-4668-BE54-9A1E7A4F7556}") = "OOP3", "OOP3\OOP3.csproj", "{0641B39C-8C99-4AAF-8CED-B071E5018873}"
EndProject
Project("{9A19103F-16F7-4668-BE54-9A1E7A4F7556}") = "InterfaceAbstractDemo", "InterfaceAbstractDemo\InterfaceAbstractDemo.csproj", "{99C20E26-9EA5-4D5F-B175-E9F6E04820D5}"
EndProject
Project("{FAE04EC0-301F-11D3-BF4B-00C04F79EFBC}") = "GameProject", "GameProject\GameProject.csproj", "{85940E4D-154A-40E0-B51D-493B4CEDB99F}"
EndProject
Global
	GlobalSection(SolutionConfigurationPlatforms) = preSolution
		Debug|Any CPU = Debug|Any CPU
		Release|Any CPU = Release|Any CPU
	EndGlobalSection
	GlobalSection(ProjectConfigurationPlatforms) = postSolution
		{747F8FF2-F989-4008-9D5A-20F6C620A955}.Debug|Any CPU.ActiveCfg = Debug|Any CPU
		{747F8FF2-F989-4008-9D5A-20F6C620A955}.Debug|Any CPU.Build.0 = Debug|Any CPU
		{747F8FF2-F989-4008-9D5A-20F6C620A955}.Release|Any CPU.ActiveCfg = Release|Any CPU
		{747F8FF2-F989-4008-9D5A-20F6C620A955}.Release|Any CPU.Build.0 = Release|Any CPU
		{85A0EEC2-AB12-4082-ABE5-250A4AECAB1B}.Debug|Any CPU.ActiveCfg = Debug|Any CPU
		{85A0EEC2-AB12-4082-ABE5-250A4AECAB1B}.Debug|Any CPU.Build.0 = Debug|Any CPU
		{85A0EEC2-AB12-4082-ABE5-250A4AECAB1B}.Release|Any CPU.ActiveCfg = Release|Any CPU
		{85A0EEC2-AB12-4082-ABE5-250A4AECAB1B}.Release|Any CPU.Build.0 = Release|Any CPU
		{0021E0BC-1DFF-4DC3-9F50-EF21D8FB7F2A}.Debug|Any CPU.ActiveCfg = Debug|Any CPU
		{0021E0BC-1DFF-4DC3-9F50-EF21D8FB7F2A}.Debug|Any CPU.Build.0 = Debug|Any CPU
		{0021E0BC-1DFF-4DC3-9F50-EF21D8FB7F2A}.Release|Any CPU.ActiveCfg = Release|Any CPU
		{0021E0BC-1DFF-4DC3-9F50-EF21D8FB7F2A}.Release|Any CPU.Build.0 = Release|Any CPU
		{33E45466-BCC4-45D5-8DEC-EA968B00FA5A}.Debug|Any CPU.ActiveCfg = Debug|Any CPU
		{33E45466-BCC4-45D5-8DEC-EA968B00FA5A}.Debug|Any CPU.Build.0 = Debug|Any CPU
		{33E45466-BCC4-45D5-8DEC-EA968B00FA5A}.Release|Any CPU.ActiveCfg = Release|Any CPU
		{33E45466-BCC4-45D5-8DEC-EA968B00FA5A}.Release|Any CPU.Build.0 = Release|Any CPU
		{BED83A83-29C9-4DAC-B8D1-59CD18BAD07D}.Debug|Any CPU.ActiveCfg = Debug|Any CPU
		{BED83A83-29C9-4DAC-B8D1-59CD18BAD07D}.Debug|Any CPU.Build.0 = Debug|Any CPU
		{BED83A83-29C9-4DAC-B8D1-59CD18BAD07D}.Release|Any CPU.ActiveCfg = Release|Any CPU
		{BED83A83-29C9-4DAC-B8D1-59CD18BAD07D}.Release|Any CPU.Build.0 = Release|Any CPU
		{178AE55E-1CC8-4837-A67B-CDD950D46915}.Debug|Any CPU.ActiveCfg = Debug|Any CPU
		{178AE55E-1CC8-4837-A67B-CDD950D46915}.Debug|Any CPU.Build.0 = Debug|Any CPU
		{178AE55E-1CC8-4837-A67B-CDD950D46915}.Release|Any CPU.ActiveCfg = Release|Any CPU
		{178AE55E-1CC8-4837-A67B-CDD950D46915}.Release|Any CPU.Build.0 = Release|Any CPU
		{D12DE278-E50F-4108-9BC0-ABF52003853D}.Debug|Any CPU.ActiveCfg = Debug|Any CPU
		{D12DE278-E50F-4108-9BC0-ABF52003853D}.Debug|Any CPU.Build.0 = Debug|Any CPU
		{D12DE278-E50F-4108-9BC0-ABF52003853D}.Release|Any CPU.ActiveCfg = Release|Any CPU
		{D12DE278-E50F-4108-9BC0-ABF52003853D}.Release|Any CPU.Build.0 = Release|Any CPU
		{F3B794B8-3134-43AB-ACE9-7DF5D4292236}.Debug|Any CPU.ActiveCfg = Debug|Any CPU
		{F3B794B8-3134-43AB-ACE9-7DF5D4292236}.Debug|Any CPU.Build.0 = Debug|Any CPU
		{F3B794B8-3134-43AB-ACE9-7DF5D4292236}.Release|Any CPU.ActiveCfg = Release|Any CPU
		{F3B794B8-3134-43AB-ACE9-7DF5D4292236}.Release|Any CPU.Build.0 = Release|Any CPU
		{8520883D-25FA-4276-A2DA-ECFA6E2ED8EC}.Debug|Any CPU.ActiveCfg = Debug|Any CPU
		{8520883D-25FA-4276-A2DA-ECFA6E2ED8EC}.Debug|Any CPU.Build.0 = Debug|Any CPU
		{8520883D-25FA-4276-A2DA-ECFA6E2ED8EC}.Release|Any CPU.ActiveCfg = Release|Any CPU
		{8520883D-25FA-4276-A2DA-ECFA6E2ED8EC}.Release|Any CPU.Build.0 = Release|Any CPU
		{0641B39C-8C99-4AAF-8CED-B071E5018873}.Debug|Any CPU.ActiveCfg = Debug|Any CPU
		{0641B39C-8C99-4AAF-8CED-B071E5018873}.Debug|Any CPU.Build.0 = Debug|Any CPU
		{0641B39C-8C99-4AAF-8CED-B071E5018873}.Release|Any CPU.ActiveCfg = Release|Any CPU
		{0641B39C-8C99-4AAF-8CED-B071E5018873}.Release|Any CPU.Build.0 = Release|Any CPU
		{99C20E26-9EA5-4D5F-B175-E9F6E04820D5}.Debug|Any CPU.ActiveCfg = Debug|Any CPU
		{99C20E26-9EA5-4D5F-B175-E9F6E04820D5}.Debug|Any CPU.Build.0 = Debug|Any CPU
		{99C20E26-9EA5-4D5F-B175-E9F6E04820D5}.Release|Any CPU.ActiveCfg = Release|Any CPU
		{99C20E26-9EA5-4D5F-B175-E9F6E04820D5}.Release|Any CPU.Build.0 = Release|Any CPU
		{85940E4D-154A-40E0-B51D-493B4CEDB99F}.Debug|Any CPU.ActiveCfg = Debug|Any CPU
		{85940E4D-154A-40E0-B51D-493B4CEDB99F}.Debug|Any CPU.Build.0 = Debug|Any CPU
		{85940E4D-154A-40E0-B51D-493B4CEDB99F}.Release|Any CPU.ActiveCfg = Release|Any CPU
		{85940E4D-154A-40E0-B51D-493B4CEDB99F}.Release|Any CPU.Build.0 = Release|Any CPU
	EndGlobalSection
	GlobalSection(SolutionProperties) = preSolution
		HideSolutionNode = FALSE
	EndGlobalSection
	GlobalSection(ExtensibilityGlobals) = postSolution
		SolutionGuid = {015A237B-0BCB-4DF1-AD69-A7F1D2BD0B04}
	EndGlobalSection
EndGlobal
